install_repository_dependencies: true
install_resolver_dependencies: false
install_tool_dependencies: false
tools:
- name: episcanpy_cluster_embed
  owner: iuc
  revisions:
  - f4713992f23a
  tool_panel_section_id: single_cell
  tool_panel_section_label: Single-cell
- name: dropletutils
  owner: iuc
  revisions:
  - a9caad671439
  tool_panel_section_id: single_cell
  tool_panel_section_label: Single-cell
- name: dropletutils_read_10x
  owner: ebi-gxa
  revisions:
  - ca62f52e0d7f
  tool_panel_section_id: single_cell
  tool_panel_section_label: Single-cell
- name: dropletutils_empty_drops
  owner: ebi-gxa
  revisions:
  - fa662ca7ae7f
  tool_panel_section_id: single_cell
  tool_panel_section_label: Single-cell
- name: slice_image
  owner: imgteam
  revisions:
  - 8856a7c85e4c
  - a72590196440
  tool_panel_section_id: single_cell
  tool_panel_section_label: Single-cell
- name: episcanpy_preprocess
  owner: iuc
  revisions:
  - 29f5f25b9935
  tool_panel_section_id: single_cell
  tool_panel_section_label: Single-cell
- name: episcanpy_build_matrix
  owner: iuc
  revisions:
  - 31a21ba2c5ea
  tool_panel_section_id: single_cell
  tool_panel_section_label: Single-cell
- name: scater_plot_tsne
  owner: iuc
  revisions:
  - 99f912d5af9f
  tool_panel_section_id: single_cell
  tool_panel_section_label: Single-cell
- name: scater_plot_pca
  owner: iuc
  revisions:
  - c99ba278dfa9
  tool_panel_section_id: single_cell
  tool_panel_section_label: Single-cell
- name: scater_plot_exprs_freq
  owner: iuc
  revisions:
  - 058b40656107
  tool_panel_section_id: single_cell
  tool_panel_section_label: Single-cell
- name: scater_plot_dist_scatter
  owner: iuc
  revisions:
  - ef4c80837bc5
  tool_panel_section_id: single_cell
  tool_panel_section_label: Single-cell
- name: scater_normalize
  owner: iuc
  revisions:
  - 946179ef029c
  tool_panel_section_id: single_cell
  tool_panel_section_label: Single-cell
- name: scater_filter
  owner: iuc
  revisions:
  - 652923ce664f
  tool_panel_section_id: single_cell
  tool_panel_section_label: Single-cell
- name: scater_create_qcmetric_ready_sce
  owner: iuc
  revisions:
  - 8f333f90d8d6
  tool_panel_section_id: single_cell
  tool_panel_section_label: Single-cell
- name: gsc_scran_normalize
  owner: artbio
  revisions:
  - 252eded61848
  - cc768b0f41cf
  tool_panel_section_id: single_cell
  tool_panel_section_label: Single-cell
- name: cite_seq_count
  owner: iuc
  revisions:
  - 3df3d1b51110
  tool_panel_section_id: single_cell
  tool_panel_section_label: Single-cell
- name: anndata_manipulate
  owner: iuc
  revisions:
  - 7e8c677a7b71
  - be1fdce914c6
  tool_panel_section_id: single_cell
  tool_panel_section_label: Single-cell
- name: baredsc_1d
  owner: iuc
  revisions:
  - 769d815e4b0d
  tool_panel_section_id: single_cell
  tool_panel_section_label: Single-cell
- name: baredsc_combine_1d
  owner: iuc
  revisions:
  - 5b7c81b35b89
  tool_panel_section_id: single_cell
  tool_panel_section_label: Single-cell
- name: baredsc_2d
  owner: iuc
  revisions:
  - a90f8efe08b4
  tool_panel_section_id: single_cell
  tool_panel_section_label: Single-cell
- name: baredsc_combine_2d
  owner: iuc
  revisions:
  - 02fc39c8610d
  tool_panel_section_id: single_cell
  tool_panel_section_label: Single-cell
- name: anndata_import
  owner: iuc
  revisions:
  - 923dcc644832
  - d330b3082107
  tool_panel_section_id: single_cell
  tool_panel_section_label: Single-cell
- name: anndata_inspect
  owner: iuc
  revisions:
  - 0bf7fddf90c7
  - afe044e6bc93
  tool_panel_section_id: single_cell
  tool_panel_section_label: Single-cell
- name: scanpy_inspect
  owner: iuc
  revisions:
  - 27c054e8d949
  - d86cb2ce311b
  tool_panel_section_id: single_cell
  tool_panel_section_label: Single-cell
- name: scanpy_filter
  owner: iuc
  revisions:
  - 8cb783c81905
  - 92a189c299d4
  tool_panel_section_id: single_cell
  tool_panel_section_label: Single-cell
- name: scanpy_normalize
  owner: iuc
  revisions:
  - 56c0d4acef02
  - e639abb0de92
  tool_panel_section_id: single_cell
  tool_panel_section_label: Single-cell
- name: scanpy_remove_confounders
  owner: iuc
  revisions:
  - 9fb627495ec2
  - be0d45c46e97
  tool_panel_section_id: single_cell
  tool_panel_section_label: Single-cell
- name: scanpy_cluster_reduce_dimension
  owner: iuc
  revisions:
  - 38db3fef7aad
  - 49ce1315722c
  tool_panel_section_id: single_cell
  tool_panel_section_label: Single-cell
- name: scanpy_plot
  owner: iuc
  revisions:
  - 0185bd174ea0
  - 16a1c3122996
  tool_panel_section_id: single_cell
  tool_panel_section_label: Single-cell
- name: velocyto_cli
  owner: iuc
  revisions:
  - 90e95e9ee190
  - f66590d0d3af
  tool_panel_section_id: single_cell
  tool_panel_section_label: Single-cell
